
Microsoft Visual Studio Solution File, Format Version 12.00
# Visual Studio Version 16
VisualStudioVersion = 16.0.30413.136
MinimumVisualStudioVersion = 10.0.40219.1
Project("{FAE04EC0-301F-11D3-BF4B-00C04F79EFBC}") = "ColorChime", "ColorChime\ColorChime.csproj", "{81368E7D-857D-4ED8-8EEB-3E897441EFD8}"
EndProject
Global
	GlobalSection(SolutionConfigurationPlatforms) = preSolution
		Debug|Any CPU = Debug|Any CPU
		Release|Any CPU = Release|Any CPU
	EndGlobalSection
	GlobalSection(ProjectConfigurationPlatforms) = postSolution
		{81368E7D-857D-4ED8-8EEB-3E897441EFD8}.Debug|Any CPU.ActiveCfg = Debug|Any CPU
		{81368E7D-857D-4ED8-8EEB-3E897441EFD8}.Debug|Any CPU.Build.0 = Debug|Any CPU
		{81368E7D-857D-4ED8-8EEB-3E897441EFD8}.Release|Any CPU.ActiveCfg = Release|Any CPU
		{81368E7D-857D-4ED8-8EEB-3E897441EFD8}.Release|Any CPU.Build.0 = Release|Any CPU
	EndGlobalSection
	GlobalSection(SolutionProperties) = preSolution
		HideSolutionNode = FALSE
	EndGlobalSection
	GlobalSection(ExtensibilityGlobals) = postSolution
		SolutionGuid = {031F9214-7D3F-4B55-8BA4-5DEE3274572A}
	EndGlobalSection
EndGlobal
